
Microsoft Visual Studio Solution File, Format Version 12.00
# Visual Studio Version 16
VisualStudioVersion = 16.0.29503.13
MinimumVisualStudioVersion = 10.0.40219.1
Project("{FAE04EC0-301F-11D3-BF4B-00C04F79EFBC}") = "DIJKSTRA", "DIJKSTRA\DIJKSTRA.csproj", "{5B774811-61EE-4DC7-AB6E-67A68066747A}"
EndProject
Global
	GlobalSection(SolutionConfigurationPlatforms) = preSolution
		Debug|Any CPU = Debug|Any CPU
		Release|Any CPU = Release|Any CPU
	EndGlobalSection
	GlobalSection(ProjectConfigurationPlatforms) = postSolution
		{5B774811-61EE-4DC7-AB6E-67A68066747A}.Debug|Any CPU.ActiveCfg = Debug|Any CPU
		{5B774811-61EE-4DC7-AB6E-67A68066747A}.Debug|Any CPU.Build.0 = Debug|Any CPU
		{5B774811-61EE-4DC7-AB6E-67A68066747A}.Release|Any CPU.ActiveCfg = Release|Any CPU
		{5B774811-61EE-4DC7-AB6E-67A68066747A}.Release|Any CPU.Build.0 = Release|Any CPU
	EndGlobalSection
	GlobalSection(SolutionProperties) = preSolution
		HideSolutionNode = FALSE
	EndGlobalSection
	GlobalSection(ExtensibilityGlobals) = postSolution
		SolutionGuid = {813B6725-F6C4-42A3-8089-CD388859A557}
	EndGlobalSection
EndGlobal
